{
  "name": "netlify-local-plugins",
  "version": "1.0.0",
  "lockfileVersion": 3,
  "requires": true,
  "packages": {
    "": {
      "name": "netlify-local-plugins",
      "version": "1.0.0",
      "license": "MIT",
      "dependencies": {
        "@netlify/plugin-nextjs": "5.12.1"
      }
    },
    "node_modules/@netlify/plugin-nextjs": {
      "version": "5.12.1",
      "resolved": "https://registry.npmjs.org/@netlify/plugin-nextjs/-/plugin-nextjs-5.12.1.tgz",
      "integrity": "sha512-b2Ic9NkNnnh0lKC/YWDZ2+HdLd/uYdBzLvLKYOkPyFt8KEszoC+Je3GRcwBeOLxaNtK8lji7YPIjtGz8K2sLVQ==",
      "license": "MIT",
      "engines": {
        "node": ">=18.0.0"
      }
    }
  }
}
